
Microsoft Visual Studio Solution File, Format Version 12.00
# Visual Studio Version 16
VisualStudioVersion = 16.0.31624.102
MinimumVisualStudioVersion = 10.0.40219.1
Project("{FAE04EC0-301F-11D3-BF4B-00C04F79EFBC}") = "DemoSocketClientServer", "DemoSocketClientServer\DemoSocketClientServer.csproj", "{25F3B37E-B19F-432B-98B9-5E7735035E15}"
EndProject
Global
	GlobalSection(SolutionConfigurationPlatforms) = preSolution
		Debug|Any CPU = Debug|Any CPU
		Release|Any CPU = Release|Any CPU
	EndGlobalSection
	GlobalSection(ProjectConfigurationPlatforms) = postSolution
		{25F3B37E-B19F-432B-98B9-5E7735035E15}.Debug|Any CPU.ActiveCfg = Debug|Any CPU
		{25F3B37E-B19F-432B-98B9-5E7735035E15}.Debug|Any CPU.Build.0 = Debug|Any CPU
		{25F3B37E-B19F-432B-98B9-5E7735035E15}.Release|Any CPU.ActiveCfg = Release|Any CPU
		{25F3B37E-B19F-432B-98B9-5E7735035E15}.Release|Any CPU.Build.0 = Release|Any CPU
	EndGlobalSection
	GlobalSection(SolutionProperties) = preSolution
		HideSolutionNode = FALSE
	EndGlobalSection
	GlobalSection(ExtensibilityGlobals) = postSolution
		SolutionGuid = {EACE175D-5C95-48DA-8748-3928D2498C8F}
	EndGlobalSection
EndGlobal
